// !$*UTF8*$!
{
	archiveVersion = 1;
	classes = {
	};
	objectVersion = 46;
	objects = {

/* Begin PBXBuildFile section */
		97B1E65815CCB425002433DE /* UIKit.framework in Frameworks */ = {isa = PBXBuildFile; fileRef = 97B1E65715CCB425002433DE /* UIKit.framework */; };
		97B1E65A15CCB425002433DE /* Foundation.framework in Frameworks */ = {isa = PBXBuildFile; fileRef = 97B1E65915CCB425002433DE /* Foundation.framework */; };
		97B1E65C15CCB425002433DE /* CoreGraphics.framework in Frameworks */ = {isa = PBXBuildFile; fileRef = 97B1E65B15CCB425002433DE /* CoreGraphics.framework */; };
		97B1E66215CCB425002433DE /* InfoPlist.strings in Resources */ = {isa = PBXBuildFile; fileRef = 97B1E66015CCB425002433DE /* InfoPlist.strings */; };
		97B1E66415CCB425002433DE /* main.m in Sources */ = {isa = PBXBuildFile; fileRef = 97B1E66315CCB425002433DE /* main.m */; };
		97B1E66815CCB425002433DE /* AppDelegate.m in Sources */ = {isa = PBXBuildFile; fileRef = 97B1E66715CCB425002433DE /* AppDelegate.m */; };
		97B1E66B15CCB425002433DE /* ViewController.m in Sources */ = {isa = PBXBuildFile; fileRef = 97B1E66A15CCB425002433DE /* ViewController.m */; };
		97B1E66E15CCB425002433DE /* ViewController_iPhone.xib in Resources */ = {isa = PBXBuildFile; fileRef = 97B1E66C15CCB425002433DE /* ViewController_iPhone.xib */; };
		97B1E67115CCB425002433DE /* ViewController_iPad.xib in Resources */ = {isa = PBXBuildFile; fileRef = 97B1E66F15CCB425002433DE /* ViewController_iPad.xib */; };
/* End PBXBuildFile section */

/* Begin PBXFileReference section */
		97B1E65315CCB425002433DE /* testAppWeek2.app */ = {isa = PBXFileReference; explicitFileType = wrapper.application; includeInIndex = 0; path = testAppWeek2.app; sourceTree = BUILT_PRODUCTS_DIR; };
		97B1E65715CCB425002433DE /* UIKit.framework */ = {isa = PBXFileReference; lastKnownFileType = wrapper.framework; name = UIKit.framework; path = System/Library/Frameworks/UIKit.framework; sourceTree = SDKROOT; };
		97B1E65915CCB425002433DE /* Foundation.framework */ = {isa = PBXFileReference; lastKnownFileType = wrapper.framework; name = Foundation.framework; path = System/Library/Frameworks/Foundation.framework; sourceTree = SDKROOT; };
		97B1E65B15CCB425002433DE /* CoreGraphics.framework */ = {isa = PBXFileReference; lastKnownFileType = wrapper.framework; name = CoreGraphics.framework; path = System/Library/Frameworks/CoreGraphics.framework; sourceTree = SDKROOT; };
		97B1E65F15CCB425002433DE /* testAppWeek2-Info.plist */ = {isa = PBXFileReference; lastKnownFileType = text.plist.xml; path = "testAppWeek2-Info.plist"; sourceTree = "<group>"; };
		97B1E66115CCB425002433DE /* en */ = {isa = PBXFileReference; lastKnownFileType = text.plist.strings; name = en; path = en.lproj/InfoPlist.strings; sourceTree = "<group>"; };
		97B1E66315CCB425002433DE /* main.m */ = {isa = PBXFileReference; lastKnownFileType = sourcecode.c.objc; path = main.m; sourceTree = "<group>"; };
		97B1E66515CCB425002433DE /* testAppWeek2-Prefix.pch */ = {isa = PBXFileReference; lastKnownFileType = sourcecode.c.h; path = "testAppWeek2-Prefix.pch"; sourceTree = "<group>"; };
		97B1E66615CCB425002433DE /* AppDelegate.h */ = {isa = PBXFileReference; lastKnownFileType = sourcecode.c.h; path = AppDelegate.h; sourceTree = "<group>"; };
		97B1E66715CCB425002433DE /* AppDelegate.m */ = {isa = PBXFileReference; lastKnownFileType = sourcecode.c.objc; path = AppDelegate.m; sourceTree = "<group>"; };
		97B1E66915CCB425002433DE /* ViewController.h */ = {isa = PBXFileReference; lastKnownFileType = sourcecode.c.h; path = ViewController.h; sourceTree = "<group>"; };
		97B1E66A15CCB425002433DE /* ViewController.m */ = {isa = PBXFileReference; lastKnownFileType = sourcecode.c.objc; path = ViewController.m; sourceTree = "<group>"; };
		97B1E66D15CCB425002433DE /* en */ = {isa = PBXFileReference; lastKnownFileType = file.xib; name = en; path = en.lproj/ViewController_iPhone.xib; sourceTree = "<group>"; };
		97B1E67015CCB425002433DE /* en */ = {isa = PBXFileReference; lastKnownFileType = file.xib; name = en; path = en.lproj/ViewController_iPad.xib; sourceTree = "<group>"; };
/* End PBXFileReference section */

/* Begin PBXFrameworksBuildPhase section */
		97B1E65015CCB425002433DE /* Frameworks */ = {
			isa = PBXFrameworksBuildPhase;
			buildActionMask = 2147483647;
			files = (
				97B1E65815CCB425002433DE /* UIKit.framework in Frameworks */,
				97B1E65A15CCB425002433DE /* Foundation.framework in Frameworks */,
				97B1E65C15CCB425002433DE /* CoreGraphics.framework in Frameworks */,
			);
			runOnlyForDeploymentPostprocessing = 0;
		};
/* End PBXFrameworksBuildPhase section */

/* Begin PBXGroup section */
		97B1E64815CCB425002433DE = {
			isa = PBXGroup;
			children = (
				97B1E65D15CCB425002433DE /* testAppWeek2 */,
				97B1E65615CCB425002433DE /* Frameworks */,
				97B1E65415CCB425002433DE /* Products */,
			);
			sourceTree = "<group>";
		};
		97B1E65415CCB425002433DE /* Products */ = {
			isa = PBXGroup;
			children = (
				97B1E65315CCB425002433DE /* testAppWeek2.app */,
			);
			name = Products;
			sourceTree = "<group>";
		};
		97B1E65615CCB425002433DE /* Frameworks */ = {
			isa = PBXGroup;
			children = (
				97B1E65715CCB425002433DE /* UIKit.framework */,
				97B1E65915CCB425002433DE /* Foundation.framework */,
				97B1E65B15CCB425002433DE /* CoreGraphics.framework */,
			);
			name = Frameworks;
			sourceTree = "<group>";
		};
		97B1E65D15CCB425002433DE /* testAppWeek2 */ = {
			isa = PBXGroup;
			children = (
				97B1E66615CCB425002433DE /* AppDelegate.h */,
				97B1E66715CCB425002433DE /* AppDelegate.m */,
				97B1E66915CCB425002433DE /* ViewController.h */,
				97B1E66A15CCB425002433DE /* ViewController.m */,
				97B1E66C15CCB425002433DE /* ViewController_iPhone.xib */,
				97B1E66F15CCB425002433DE /* ViewController_iPad.xib */,
				97B1E65E15CCB425002433DE /* Supporting Files */,
			);
			path = testAppWeek2;
			sourceTree = "<group>";
		};
		97B1E65E15CCB425002433DE /* Supporting Files */ = {
			isa = PBXGroup;
			children = (
				97B1E65F15CCB425002433DE /* testAppWeek2-Info.plist */,
				97B1E66015CCB425002433DE /* InfoPlist.strings */,
				97B1E66315CCB425002433DE /* main.m */,
				97B1E66515CCB425002433DE /* testAppWeek2-Prefix.pch */,
			);
			name = "Supporting Files";
			sourceTree = "<group>";
		};
/* End PBXGroup section */

/* Begin PBXNativeTarget section */
		97B1E65215CCB425002433DE /* testAppWeek2 */ = {
			isa = PBXNativeTarget;
			buildConfigurationList = 97B1E67415CCB425002433DE /* Build configuration list for PBXNativeTarget "testAppWeek2" */;
			buildPhases = (
				97B1E64F15CCB425002433DE /* Sources */,
				97B1E65015CCB425002433DE /* Frameworks */,
				97B1E65115CCB425002433DE /* Resources */,
			);
			buildRules = (
			);
			dependencies = (
			);
			name = testAppWeek2;
			productName = testAppWeek2;
			productReference = 97B1E65315CCB425002433DE /* testAppWeek2.app */;
			productType = "com.apple.product-type.application";
		};
/* End PBXNativeTarget section */

/* Begin PBXProject section */
		97B1E64A15CCB425002433DE /* Project object */ = {
			isa = PBXProject;
			attributes = {
				LastUpgradeCheck = 0440;
				ORGANIZATIONNAME = "Jimmy Kim";
			};
			buildConfigurationList = 97B1E64D15CCB425002433DE /* Build configuration list for PBXProject "testAppWeek2" */;
			compatibilityVersion = "Xcode 3.2";
			developmentRegion = English;
			hasScannedForEncodings = 0;
			knownRegions = (
				en,
			);
			mainGroup = 97B1E64815CCB425002433DE;
			productRefGroup = 97B1E65415CCB425002433DE /* Products */;
			projectDirPath = "";
			projectRoot = "";
			targets = (
				97B1E65215CCB425002433DE /* testAppWeek2 */,
			);
		};
/* End PBXProject section */

/* Begin PBXResourcesBuildPhase section */
		97B1E65115CCB425002433DE /* Resources */ = {
			isa = PBXResourcesBuildPhase;
			buildActionMask = 2147483647;
			files = (
				97B1E66215CCB425002433DE /* InfoPlist.strings in Resources */,
				97B1E66E15CCB425002433DE /* ViewController_iPhone.xib in Resources */,
				97B1E67115CCB425002433DE /* ViewController_iPad.xib in Resources */,
			);
			runOnlyForDeploymentPostprocessing = 0;
		};
/* End PBXResourcesBuildPhase section */

/* Begin PBXSourcesBuildPhase section */
		97B1E64F15CCB425002433DE /* Sources */ = {
			isa = PBXSourcesBuildPhase;
			buildActionMask = 2147483647;
			files = (
				97B1E66415CCB425002433DE /* main.m in Sources */,
				97B1E66815CCB425002433DE /* AppDelegate.m in Sources */,
				97B1E66B15CCB425002433DE /* ViewController.m in Sources */,
			);
			runOnlyForDeploymentPostprocessing = 0;
		};
/* End PBXSourcesBuildPhase section */

/* Begin PBXVariantGroup section */
		97B1E66015CCB425002433DE /* InfoPlist.strings */ = {
			isa = PBXVariantGroup;
			children = (
				97B1E66115CCB425002433DE /* en */,
			);
			name = InfoPlist.strings;
			sourceTree = "<group>";
		};
		97B1E66C15CCB425002433DE /* ViewController_iPhone.xib */ = {
			isa = PBXVariantGroup;
			children = (
				97B1E66D15CCB425002433DE /* en */,
			);
			name = ViewController_iPhone.xib;
			sourceTree = "<group>";
		};
		97B1E66F15CCB425002433DE /* ViewController_iPad.xib */ = {
			isa = PBXVariantGroup;
			children = (
				97B1E67015CCB425002433DE /* en */,
			);
			name = ViewController_iPad.xib;
			sourceTree = "<group>";
		};
/* End PBXVariantGroup section */

/* Begin XCBuildConfiguration section */
		97B1E67215CCB425002433DE /* Debug */ = {
			isa = XCBuildConfiguration;
			buildSettings = {
				ALWAYS_SEARCH_USER_PATHS = NO;
				ARCHS = "$(ARCHS_STANDARD_32_BIT)";
				CLANG_CXX_LANGUAGE_STANDARD = "gnu++0x";
				CLANG_ENABLE_OBJC_ARC = YES;
				CLANG_WARN__DUPLICATE_METHOD_MATCH = YES;
				"CODE_SIGN_IDENTITY[sdk=iphoneos*]" = "iPhone Developer";
				COPY_PHASE_STRIP = NO;
				GCC_C_LANGUAGE_STANDARD = gnu99;
				GCC_DYNAMIC_NO_PIC = NO;
				GCC_OPTIMIZATION_LEVEL = 0;
				GCC_PREPROCESSOR_DEFINITIONS = (
					"DEBUG=1",
					"$(inherited)",
				);
				GCC_SYMBOLS_PRIVATE_EXTERN = NO;
				GCC_VERSION = com.apple.compilers.llvm.clang.1_0;
				GCC_WARN_ABOUT_RETURN_TYPE = YES;
				GCC_WARN_UNINITIALIZED_AUTOS = YES;
				GCC_WARN_UNUSED_VARIABLE = YES;
				IPHONEOS_DEPLOYMENT_TARGET = 5.1;
				SDKROOT = iphoneos;
				TARGETED_DEVICE_FAMILY = "1,2";
			};
			name = Debug;
		};
		97B1E67315CCB425002433DE /* Release */ = {
			isa = XCBuildConfiguration;
			buildSettings = {
				ALWAYS_SEARCH_USER_PATHS = NO;
				ARCHS = "$(ARCHS_STANDARD_32_BIT)";
				CLANG_CXX_LANGUAGE_STANDARD = "gnu++0x";
				CLANG_ENABLE_OBJC_ARC = YES;
				CLANG_WARN__DUPLICATE_METHOD_MATCH = YES;
				"CODE_SIGN_IDENTITY[sdk=iphoneos*]" = "iPhone Developer";
				COPY_PHASE_STRIP = YES;
				GCC_C_LANGUAGE_STANDARD = gnu99;
				GCC_VERSION = com.apple.compilers.llvm.clang.1_0;
				GCC_WARN_ABOUT_RETURN_TYPE = YES;
				GCC_WARN_UNINITIALIZED_AUTOS = YES;
				GCC_WARN_UNUSED_VARIABLE = YES;
				IPHONEOS_DEPLOYMENT_TARGET = 5.1;
				OTHER_CFLAGS = "-DNS_BLOCK_ASSERTIONS=1";
				SDKROOT = iphoneos;
				TARGETED_DEVICE_FAMILY = "1,2";
				VALIDATE_PRODUCT = YES;
			};
			name = Release;
		};
		97B1E67515CCB425002433DE /* Debug */ = {
			isa = XCBuildConfiguration;
			buildSettings = {
				GCC_PRECOMPILE_PREFIX_HEADER = YES;
				GCC_PREFIX_HEADER = "testAppWeek2/testAppWeek2-Prefix.pch";
				INFOPLIST_FILE = "testAppWeek2/testAppWeek2-Info.plist";
				PRODUCT_NAME = "$(TARGET_NAME)";
				WRAPPER_EXTENSION = app;
			};
			name = Debug;
		};
		97B1E67615CCB425002433DE /* Release */ = {
			isa = XCBuildConfiguration;
			buildSettings = {
				GCC_PRECOMPILE_PREFIX_HEADER = YES;
				GCC_PREFIX_HEADER = "testAppWeek2/testAppWeek2-Prefix.pch";
				INFOPLIST_FILE = "testAppWeek2/testAppWeek2-Info.plist";
				PRODUCT_NAME = "$(TARGET_NAME)";
				WRAPPER_EXTENSION = app;
			};
			name = Release;
		};
/* End XCBuildConfiguration section */

/* Begin XCConfigurationList section */
		97B1E64D15CCB425002433DE /* Build configuration list for PBXProject "testAppWeek2" */ = {
			isa = XCConfigurationList;
			buildConfigurations = (
				97B1E67215CCB425002433DE /* Debug */,
				97B1E67315CCB425002433DE /* Release */,
			);
			defaultConfigurationIsVisible = 0;
			defaultConfigurationName = Release;
		};
		97B1E67415CCB425002433DE /* Build configuration list for PBXNativeTarget "testAppWeek2" */ = {
			isa = XCConfigurationList;
			buildConfigurations = (
				97B1E67515CCB425002433DE /* Debug */,
				97B1E67615CCB425002433DE /* Release */,
			);
			defaultConfigurationIsVisible = 0;
		};
/* End XCConfigurationList section */
	};
	rootObject = 97B1E64A15CCB425002433DE /* Project object */;
}
